
Microsoft Visual Studio Solution File, Format Version 12.00
# Visual Studio 15
VisualStudioVersion = 15.0.28307.779
MinimumVisualStudioVersion = 10.0.40219.1
Project("{FAE04EC0-301F-11D3-BF4B-00C04F79EFBC}") = "WpfApp1", "WpfApp1\WpfApp1.csproj", "{0E7054E0-9EDE-4664-9915-43BFF18435D2}"
EndProject
Global
	GlobalSection(SolutionConfigurationPlatforms) = preSolution
		Debug|Any CPU = Debug|Any CPU
		Release|Any CPU = Release|Any CPU
	EndGlobalSection
	GlobalSection(ProjectConfigurationPlatforms) = postSolution
		{0E7054E0-9EDE-4664-9915-43BFF18435D2}.Debug|Any CPU.ActiveCfg = Debug|Any CPU
		{0E7054E0-9EDE-4664-9915-43BFF18435D2}.Debug|Any CPU.Build.0 = Debug|Any CPU
		{0E7054E0-9EDE-4664-9915-43BFF18435D2}.Release|Any CPU.ActiveCfg = Release|Any CPU
		{0E7054E0-9EDE-4664-9915-43BFF18435D2}.Release|Any CPU.Build.0 = Release|Any CPU
	EndGlobalSection
	GlobalSection(SolutionProperties) = preSolution
		HideSolutionNode = FALSE
	EndGlobalSection
	GlobalSection(ExtensibilityGlobals) = postSolution
		SolutionGuid = {A13C6548-1D3F-497D-9AC8-23192DF060CB}
	EndGlobalSection
EndGlobal
